
Microsoft Visual Studio Solution File, Format Version 12.00
# Visual Studio Version 17
VisualStudioVersion = 17.0.31903.59
MinimumVisualStudioVersion = 10.0.40219.1
Project("{2150E333-8FDC-42A3-9474-1A3956D46DE8}") = "src", "src", "{827E0CD3-B72D-47B6-A68D-7590B98EB39B}"
EndProject
Project("{FAE04EC0-301F-11D3-BF4B-00C04F79EFBC}") = "YoPay.Domain", "src\YoPay.Domain\YoPay.Domain.csproj", "{E842C506-5D1F-4232-BAE3-B6F7A413425A}"
EndProject
Project("{FAE04EC0-301F-11D3-BF4B-00C04F79EFBC}") = "YoPay.Application", "src\YoPay.Application\YoPay.Application.csproj", "{2F0099F5-542F-465E-9918-D7A87FDEA7CD}"
EndProject
Project("{FAE04EC0-301F-11D3-BF4B-00C04F79EFBC}") = "YoPay.Contracts", "src\YoPay.Contracts\YoPay.Contracts.csproj", "{A97866C4-7357-49D1-9775-BE9DE3C64E68}"
EndProject
Project("{FAE04EC0-301F-11D3-BF4B-00C04F79EFBC}") = "YoPay.Infrastructure", "src\YoPay.Infrastructure\YoPay.Infrastructure.csproj", "{4FF73CDE-238E-4516-AAD8-9297E72F1DB6}"
EndProject
Project("{FAE04EC0-301F-11D3-BF4B-00C04F79EFBC}") = "YoPay.Api", "src\YoPay.Api\YoPay.Api.csproj", "{4FAE0968-0E82-468D-99FC-69F27C160258}"
EndProject
Project("{FAE04EC0-301F-11D3-BF4B-00C04F79EFBC}") = "YoPay.Ingest.Api", "src\YoPay.Ingest.Api\YoPay.Ingest.Api.csproj", "{C965B8E9-B868-4919-B569-699E90AEC662}"
EndProject
Project("{FAE04EC0-301F-11D3-BF4B-00C04F79EFBC}") = "YoPay.Checkout", "src\YoPay.Checkout\YoPay.Checkout.csproj", "{87B04BAA-7A0F-4FFC-B9EF-395F65D24850}"
EndProject
Project("{FAE04EC0-301F-11D3-BF4B-00C04F79EFBC}") = "YoPay.Worker", "src\YoPay.Worker\YoPay.Worker.csproj", "{4194F8F5-72DF-47E8-944A-AAC327F2908C}"
EndProject
Project("{FAE04EC0-301F-11D3-BF4B-00C04F79EFBC}") = "YoPay.Scheduler", "src\YoPay.Scheduler\YoPay.Scheduler.csproj", "{88161935-E2EA-4135-BB17-1FAC9C33849A}"
EndProject
Project("{2150E333-8FDC-42A3-9474-1A3956D46DE8}") = "sdk", "sdk", "{1B7C55A9-3C42-4E5E-9C1A-8D5F2E0A4411}"
EndProject
Project("{FAE04EC0-301F-11D3-BF4B-00C04F79EFBC}") = "YoPay.Sdk", "sdk\dotnet\YoPay.Sdk\YoPay.Sdk.csproj", "{6D2E8A17-94B3-4B0E-8B4E-2C7F1A93D556}"
EndProject
Project("{2150E333-8FDC-42A3-9474-1A3956D46DE8}") = "tests", "tests", "{0AB3BF05-4346-4AA6-1389-037BE0695223}"
EndProject
Project("{FAE04EC0-301F-11D3-BF4B-00C04F79EFBC}") = "YoPay.UnitTests", "tests\YoPay.UnitTests\YoPay.UnitTests.csproj", "{8DE8154E-DA3A-40D1-A7DF-52148BE615FF}"
EndProject
Global
	GlobalSection(SolutionConfigurationPlatforms) = preSolution
		Debug|Any CPU = Debug|Any CPU
		Debug|x64 = Debug|x64
		Debug|x86 = Debug|x86
		Release|Any CPU = Release|Any CPU
		Release|x64 = Release|x64
		Release|x86 = Release|x86
	EndGlobalSection
	GlobalSection(ProjectConfigurationPlatforms) = postSolution
		{E842C506-5D1F-4232-BAE3-B6F7A413425A}.Debug|Any CPU.ActiveCfg = Debug|Any CPU
		{E842C506-5D1F-4232-BAE3-B6F7A413425A}.Debug|Any CPU.Build.0 = Debug|Any CPU
		{E842C506-5D1F-4232-BAE3-B6F7A413425A}.Debug|x64.ActiveCfg = Debug|Any CPU
		{E842C506-5D1F-4232-BAE3-B6F7A413425A}.Debug|x64.Build.0 = Debug|Any CPU
		{E842C506-5D1F-4232-BAE3-B6F7A413425A}.Debug|x86.ActiveCfg = Debug|Any CPU
		{E842C506-5D1F-4232-BAE3-B6F7A413425A}.Debug|x86.Build.0 = Debug|Any CPU
		{E842C506-5D1F-4232-BAE3-B6F7A413425A}.Release|Any CPU.ActiveCfg = Release|Any CPU
		{E842C506-5D1F-4232-BAE3-B6F7A413425A}.Release|Any CPU.Build.0 = Release|Any CPU
		{E842C506-5D1F-4232-BAE3-B6F7A413425A}.Release|x64.ActiveCfg = Release|Any CPU
		{E842C506-5D1F-4232-BAE3-B6F7A413425A}.Release|x64.Build.0 = Release|Any CPU
		{E842C506-5D1F-4232-BAE3-B6F7A413425A}.Release|x86.ActiveCfg = Release|Any CPU
		{E842C506-5D1F-4232-BAE3-B6F7A413425A}.Release|x86.Build.0 = Release|Any CPU
		{2F0099F5-542F-465E-9918-D7A87FDEA7CD}.Debug|Any CPU.ActiveCfg = Debug|Any CPU
		{2F0099F5-542F-465E-9918-D7A87FDEA7CD}.Debug|Any CPU.Build.0 = Debug|Any CPU
		{2F0099F5-542F-465E-9918-D7A87FDEA7CD}.Debug|x64.ActiveCfg = Debug|Any CPU
		{2F0099F5-542F-465E-9918-D7A87FDEA7CD}.Debug|x64.Build.0 = Debug|Any CPU
		{2F0099F5-542F-465E-9918-D7A87FDEA7CD}.Debug|x86.ActiveCfg = Debug|Any CPU
		{2F0099F5-542F-465E-9918-D7A87FDEA7CD}.Debug|x86.Build.0 = Debug|Any CPU
		{2F0099F5-542F-465E-9918-D7A87FDEA7CD}.Release|Any CPU.ActiveCfg = Release|Any CPU
		{2F0099F5-542F-465E-9918-D7A87FDEA7CD}.Release|Any CPU.Build.0 = Release|Any CPU
		{2F0099F5-542F-465E-9918-D7A87FDEA7CD}.Release|x64.ActiveCfg = Release|Any CPU
		{2F0099F5-542F-465E-9918-D7A87FDEA7CD}.Release|x64.Build.0 = Release|Any CPU
		{2F0099F5-542F-465E-9918-D7A87FDEA7CD}.Release|x86.ActiveCfg = Release|Any CPU
		{2F0099F5-542F-465E-9918-D7A87FDEA7CD}.Release|x86.Build.0 = Release|Any CPU
		{A97866C4-7357-49D1-9775-BE9DE3C64E68}.Debug|Any CPU.ActiveCfg = Debug|Any CPU
		{A97866C4-7357-49D1-9775-BE9DE3C64E68}.Debug|Any CPU.Build.0 = Debug|Any CPU
		{A97866C4-7357-49D1-9775-BE9DE3C64E68}.Debug|x64.ActiveCfg = Debug|Any CPU
		{A97866C4-7357-49D1-9775-BE9DE3C64E68}.Debug|x64.Build.0 = Debug|Any CPU
		{A97866C4-7357-49D1-9775-BE9DE3C64E68}.Debug|x86.ActiveCfg = Debug|Any CPU
		{A97866C4-7357-49D1-9775-BE9DE3C64E68}.Debug|x86.Build.0 = Debug|Any CPU
		{A97866C4-7357-49D1-9775-BE9DE3C64E68}.Release|Any CPU.ActiveCfg = Release|Any CPU
		{A97866C4-7357-49D1-9775-BE9DE3C64E68}.Release|Any CPU.Build.0 = Release|Any CPU
		{A97866C4-7357-49D1-9775-BE9DE3C64E68}.Release|x64.ActiveCfg = Release|Any CPU
		{A97866C4-7357-49D1-9775-BE9DE3C64E68}.Release|x64.Build.0 = Release|Any CPU
		{A97866C4-7357-49D1-9775-BE9DE3C64E68}.Release|x86.ActiveCfg = Release|Any CPU
		{A97866C4-7357-49D1-9775-BE9DE3C64E68}.Release|x86.Build.0 = Release|Any CPU
		{4FF73CDE-238E-4516-AAD8-9297E72F1DB6}.Debug|Any CPU.ActiveCfg = Debug|Any CPU
		{4FF73CDE-238E-4516-AAD8-9297E72F1DB6}.Debug|Any CPU.Build.0 = Debug|Any CPU
		{4FF73CDE-238E-4516-AAD8-9297E72F1DB6}.Debug|x64.ActiveCfg = Debug|Any CPU
		{4FF73CDE-238E-4516-AAD8-9297E72F1DB6}.Debug|x64.Build.0 = Debug|Any CPU
		{4FF73CDE-238E-4516-AAD8-9297E72F1DB6}.Debug|x86.ActiveCfg = Debug|Any CPU
		{4FF73CDE-238E-4516-AAD8-9297E72F1DB6}.Debug|x86.Build.0 = Debug|Any CPU
		{4FF73CDE-238E-4516-AAD8-9297E72F1DB6}.Release|Any CPU.ActiveCfg = Release|Any CPU
		{4FF73CDE-238E-4516-AAD8-9297E72F1DB6}.Release|Any CPU.Build.0 = Release|Any CPU
		{4FF73CDE-238E-4516-AAD8-9297E72F1DB6}.Release|x64.ActiveCfg = Release|Any CPU
		{4FF73CDE-238E-4516-AAD8-9297E72F1DB6}.Release|x64.Build.0 = Release|Any CPU
		{4FF73CDE-238E-4516-AAD8-9297E72F1DB6}.Release|x86.ActiveCfg = Release|Any CPU
		{4FF73CDE-238E-4516-AAD8-9297E72F1DB6}.Release|x86.Build.0 = Release|Any CPU
		{4FAE0968-0E82-468D-99FC-69F27C160258}.Debug|Any CPU.ActiveCfg = Debug|Any CPU
		{4FAE0968-0E82-468D-99FC-69F27C160258}.Debug|Any CPU.Build.0 = Debug|Any CPU
		{4FAE0968-0E82-468D-99FC-69F27C160258}.Debug|x64.ActiveCfg = Debug|Any CPU
		{4FAE0968-0E82-468D-99FC-69F27C160258}.Debug|x64.Build.0 = Debug|Any CPU
		{4FAE0968-0E82-468D-99FC-69F27C160258}.Debug|x86.ActiveCfg = Debug|Any CPU
		{4FAE0968-0E82-468D-99FC-69F27C160258}.Debug|x86.Build.0 = Debug|Any CPU
		{4FAE0968-0E82-468D-99FC-69F27C160258}.Release|Any CPU.ActiveCfg = Release|Any CPU
		{4FAE0968-0E82-468D-99FC-69F27C160258}.Release|Any CPU.Build.0 = Release|Any CPU
		{4FAE0968-0E82-468D-99FC-69F27C160258}.Release|x64.ActiveCfg = Release|Any CPU
		{4FAE0968-0E82-468D-99FC-69F27C160258}.Release|x64.Build.0 = Release|Any CPU
		{4FAE0968-0E82-468D-99FC-69F27C160258}.Release|x86.ActiveCfg = Release|Any CPU
		{4FAE0968-0E82-468D-99FC-69F27C160258}.Release|x86.Build.0 = Release|Any CPU
		{C965B8E9-B868-4919-B569-699E90AEC662}.Debug|Any CPU.ActiveCfg = Debug|Any CPU
		{C965B8E9-B868-4919-B569-699E90AEC662}.Debug|Any CPU.Build.0 = Debug|Any CPU
		{C965B8E9-B868-4919-B569-699E90AEC662}.Debug|x64.ActiveCfg = Debug|Any CPU
		{C965B8E9-B868-4919-B569-699E90AEC662}.Debug|x64.Build.0 = Debug|Any CPU
		{C965B8E9-B868-4919-B569-699E90AEC662}.Debug|x86.ActiveCfg = Debug|Any CPU
		{C965B8E9-B868-4919-B569-699E90AEC662}.Debug|x86.Build.0 = Debug|Any CPU
		{C965B8E9-B868-4919-B569-699E90AEC662}.Release|Any CPU.ActiveCfg = Release|Any CPU
		{C965B8E9-B868-4919-B569-699E90AEC662}.Release|Any CPU.Build.0 = Release|Any CPU
		{C965B8E9-B868-4919-B569-699E90AEC662}.Release|x64.ActiveCfg = Release|Any CPU
		{C965B8E9-B868-4919-B569-699E90AEC662}.Release|x64.Build.0 = Release|Any CPU
		{C965B8E9-B868-4919-B569-699E90AEC662}.Release|x86.ActiveCfg = Release|Any CPU
		{C965B8E9-B868-4919-B569-699E90AEC662}.Release|x86.Build.0 = Release|Any CPU
		{87B04BAA-7A0F-4FFC-B9EF-395F65D24850}.Debug|Any CPU.ActiveCfg = Debug|Any CPU
		{87B04BAA-7A0F-4FFC-B9EF-395F65D24850}.Debug|Any CPU.Build.0 = Debug|Any CPU
		{87B04BAA-7A0F-4FFC-B9EF-395F65D24850}.Debug|x64.ActiveCfg = Debug|Any CPU
		{87B04BAA-7A0F-4FFC-B9EF-395F65D24850}.Debug|x64.Build.0 = Debug|Any CPU
		{87B04BAA-7A0F-4FFC-B9EF-395F65D24850}.Debug|x86.ActiveCfg = Debug|Any CPU
		{87B04BAA-7A0F-4FFC-B9EF-395F65D24850}.Debug|x86.Build.0 = Debug|Any CPU
		{87B04BAA-7A0F-4FFC-B9EF-395F65D24850}.Release|Any CPU.ActiveCfg = Release|Any CPU
		{87B04BAA-7A0F-4FFC-B9EF-395F65D24850}.Release|Any CPU.Build.0 = Release|Any CPU
		{87B04BAA-7A0F-4FFC-B9EF-395F65D24850}.Release|x64.ActiveCfg = Release|Any CPU
		{87B04BAA-7A0F-4FFC-B9EF-395F65D24850}.Release|x64.Build.0 = Release|Any CPU
		{87B04BAA-7A0F-4FFC-B9EF-395F65D24850}.Release|x86.ActiveCfg = Release|Any CPU
		{87B04BAA-7A0F-4FFC-B9EF-395F65D24850}.Release|x86.Build.0 = Release|Any CPU
		{4194F8F5-72DF-47E8-944A-AAC327F2908C}.Debug|Any CPU.ActiveCfg = Debug|Any CPU
		{4194F8F5-72DF-47E8-944A-AAC327F2908C}.Debug|Any CPU.Build.0 = Debug|Any CPU
		{4194F8F5-72DF-47E8-944A-AAC327F2908C}.Debug|x64.ActiveCfg = Debug|Any CPU
		{4194F8F5-72DF-47E8-944A-AAC327F2908C}.Debug|x64.Build.0 = Debug|Any CPU
		{4194F8F5-72DF-47E8-944A-AAC327F2908C}.Debug|x86.ActiveCfg = Debug|Any CPU
		{4194F8F5-72DF-47E8-944A-AAC327F2908C}.Debug|x86.Build.0 = Debug|Any CPU
		{4194F8F5-72DF-47E8-944A-AAC327F2908C}.Release|Any CPU.ActiveCfg = Release|Any CPU
		{4194F8F5-72DF-47E8-944A-AAC327F2908C}.Release|Any CPU.Build.0 = Release|Any CPU
		{4194F8F5-72DF-47E8-944A-AAC327F2908C}.Release|x64.ActiveCfg = Release|Any CPU
		{4194F8F5-72DF-47E8-944A-AAC327F2908C}.Release|x64.Build.0 = Release|Any CPU
		{4194F8F5-72DF-47E8-944A-AAC327F2908C}.Release|x86.ActiveCfg = Release|Any CPU
		{4194F8F5-72DF-47E8-944A-AAC327F2908C}.Release|x86.Build.0 = Release|Any CPU
		{88161935-E2EA-4135-BB17-1FAC9C33849A}.Debug|Any CPU.ActiveCfg = Debug|Any CPU
		{88161935-E2EA-4135-BB17-1FAC9C33849A}.Debug|Any CPU.Build.0 = Debug|Any CPU
		{88161935-E2EA-4135-BB17-1FAC9C33849A}.Debug|x64.ActiveCfg = Debug|Any CPU
		{88161935-E2EA-4135-BB17-1FAC9C33849A}.Debug|x64.Build.0 = Debug|Any CPU
		{88161935-E2EA-4135-BB17-1FAC9C33849A}.Debug|x86.ActiveCfg = Debug|Any CPU
		{88161935-E2EA-4135-BB17-1FAC9C33849A}.Debug|x86.Build.0 = Debug|Any CPU
		{88161935-E2EA-4135-BB17-1FAC9C33849A}.Release|Any CPU.ActiveCfg = Release|Any CPU
		{88161935-E2EA-4135-BB17-1FAC9C33849A}.Release|Any CPU.Build.0 = Release|Any CPU
		{88161935-E2EA-4135-BB17-1FAC9C33849A}.Release|x64.ActiveCfg = Release|Any CPU
		{88161935-E2EA-4135-BB17-1FAC9C33849A}.Release|x64.Build.0 = Release|Any CPU
		{88161935-E2EA-4135-BB17-1FAC9C33849A}.Release|x86.ActiveCfg = Release|Any CPU
		{88161935-E2EA-4135-BB17-1FAC9C33849A}.Release|x86.Build.0 = Release|Any CPU
		{6D2E8A17-94B3-4B0E-8B4E-2C7F1A93D556}.Debug|Any CPU.ActiveCfg = Debug|Any CPU
		{6D2E8A17-94B3-4B0E-8B4E-2C7F1A93D556}.Debug|Any CPU.Build.0 = Debug|Any CPU
		{6D2E8A17-94B3-4B0E-8B4E-2C7F1A93D556}.Release|Any CPU.ActiveCfg = Release|Any CPU
		{6D2E8A17-94B3-4B0E-8B4E-2C7F1A93D556}.Release|Any CPU.Build.0 = Release|Any CPU
		{8DE8154E-DA3A-40D1-A7DF-52148BE615FF}.Debug|Any CPU.ActiveCfg = Debug|Any CPU
		{8DE8154E-DA3A-40D1-A7DF-52148BE615FF}.Debug|Any CPU.Build.0 = Debug|Any CPU
		{8DE8154E-DA3A-40D1-A7DF-52148BE615FF}.Debug|x64.ActiveCfg = Debug|Any CPU
		{8DE8154E-DA3A-40D1-A7DF-52148BE615FF}.Debug|x64.Build.0 = Debug|Any CPU
		{8DE8154E-DA3A-40D1-A7DF-52148BE615FF}.Debug|x86.ActiveCfg = Debug|Any CPU
		{8DE8154E-DA3A-40D1-A7DF-52148BE615FF}.Debug|x86.Build.0 = Debug|Any CPU
		{8DE8154E-DA3A-40D1-A7DF-52148BE615FF}.Release|Any CPU.ActiveCfg = Release|Any CPU
		{8DE8154E-DA3A-40D1-A7DF-52148BE615FF}.Release|Any CPU.Build.0 = Release|Any CPU
		{8DE8154E-DA3A-40D1-A7DF-52148BE615FF}.Release|x64.ActiveCfg = Release|Any CPU
		{8DE8154E-DA3A-40D1-A7DF-52148BE615FF}.Release|x64.Build.0 = Release|Any CPU
		{8DE8154E-DA3A-40D1-A7DF-52148BE615FF}.Release|x86.ActiveCfg = Release|Any CPU
		{8DE8154E-DA3A-40D1-A7DF-52148BE615FF}.Release|x86.Build.0 = Release|Any CPU
	EndGlobalSection
	GlobalSection(SolutionProperties) = preSolution
		HideSolutionNode = FALSE
	EndGlobalSection
	GlobalSection(NestedProjects) = preSolution
		{6D2E8A17-94B3-4B0E-8B4E-2C7F1A93D556} = {1B7C55A9-3C42-4E5E-9C1A-8D5F2E0A4411}
		{E842C506-5D1F-4232-BAE3-B6F7A413425A} = {827E0CD3-B72D-47B6-A68D-7590B98EB39B}
		{2F0099F5-542F-465E-9918-D7A87FDEA7CD} = {827E0CD3-B72D-47B6-A68D-7590B98EB39B}
		{A97866C4-7357-49D1-9775-BE9DE3C64E68} = {827E0CD3-B72D-47B6-A68D-7590B98EB39B}
		{4FF73CDE-238E-4516-AAD8-9297E72F1DB6} = {827E0CD3-B72D-47B6-A68D-7590B98EB39B}
		{4FAE0968-0E82-468D-99FC-69F27C160258} = {827E0CD3-B72D-47B6-A68D-7590B98EB39B}
		{C965B8E9-B868-4919-B569-699E90AEC662} = {827E0CD3-B72D-47B6-A68D-7590B98EB39B}
		{87B04BAA-7A0F-4FFC-B9EF-395F65D24850} = {827E0CD3-B72D-47B6-A68D-7590B98EB39B}
		{4194F8F5-72DF-47E8-944A-AAC327F2908C} = {827E0CD3-B72D-47B6-A68D-7590B98EB39B}
		{88161935-E2EA-4135-BB17-1FAC9C33849A} = {827E0CD3-B72D-47B6-A68D-7590B98EB39B}
		{8DE8154E-DA3A-40D1-A7DF-52148BE615FF} = {0AB3BF05-4346-4AA6-1389-037BE0695223}
	EndGlobalSection
EndGlobal
