
Microsoft Visual Studio Solution File, Format Version 12.00
# Visual Studio Version 17
VisualStudioVersion = 17.0.31903.59
MinimumVisualStudioVersion = 10.0.40219.1
Project("{2150E333-8FDC-42A3-9474-1A3956D46DE8}") = "src", "src", "{827E0CD3-B72D-47B6-A68D-7590B98EB39B}"
EndProject
Project("{FAE04EC0-301F-11D3-BF4B-00C04F79EFBC}") = "YoPay.Domain", "src\YoPay.Domain\YoPay.Domain.csproj", "{857D1B6F-7555-4649-928A-BF743893EF67}"
EndProject
Project("{FAE04EC0-301F-11D3-BF4B-00C04F79EFBC}") = "YoPay.Contracts", "src\YoPay.Contracts\YoPay.Contracts.csproj", "{4AFD07ED-86E5-4A48-802F-2505E1584F04}"
EndProject
Project("{FAE04EC0-301F-11D3-BF4B-00C04F79EFBC}") = "YoPay.Infrastructure", "src\YoPay.Infrastructure\YoPay.Infrastructure.csproj", "{5ADE27B7-05C4-45E1-B8B9-C2BE95BCFD1F}"
EndProject
Project("{FAE04EC0-301F-11D3-BF4B-00C04F79EFBC}") = "YoPay.Api", "src\YoPay.Api\YoPay.Api.csproj", "{98EE4E14-8852-4B56-89DF-E35A859CC11E}"
EndProject
Project("{FAE04EC0-301F-11D3-BF4B-00C04F79EFBC}") = "YoPay.Ingest.Api", "src\YoPay.Ingest.Api\YoPay.Ingest.Api.csproj", "{EA0D553F-9452-4DB8-AD24-12673D618D9F}"
EndProject
Project("{FAE04EC0-301F-11D3-BF4B-00C04F79EFBC}") = "YoPay.Checkout", "src\YoPay.Checkout\YoPay.Checkout.csproj", "{DC32D456-77D7-45A3-9595-CEF15A3EB001}"
EndProject
Project("{FAE04EC0-301F-11D3-BF4B-00C04F79EFBC}") = "YoPay.Worker", "src\YoPay.Worker\YoPay.Worker.csproj", "{118C24CE-ACAF-4BAC-BB99-F09F74950EA7}"
EndProject
Project("{FAE04EC0-301F-11D3-BF4B-00C04F79EFBC}") = "YoPay.Scheduler", "src\YoPay.Scheduler\YoPay.Scheduler.csproj", "{BF2D7599-2313-4D8E-BBCB-85737AAC0272}"
EndProject
Project("{2150E333-8FDC-42A3-9474-1A3956D46DE8}") = "tests", "tests", "{0AB3BF05-4346-4AA6-1389-037BE0695223}"
EndProject
Project("{FAE04EC0-301F-11D3-BF4B-00C04F79EFBC}") = "YoPay.Domain.Tests", "tests\YoPay.Domain.Tests\YoPay.Domain.Tests.csproj", "{F70F153D-097E-41AD-9A18-FC4B9F1A1C20}"
EndProject
Project("{FAE04EC0-301F-11D3-BF4B-00C04F79EFBC}") = "YoPay.Application", "src\YoPay.Application\YoPay.Application.csproj", "{D97AA8BE-C254-4A87-8CEB-843DAB0C6096}"
EndProject
Global
	GlobalSection(SolutionConfigurationPlatforms) = preSolution
		Debug|Any CPU = Debug|Any CPU
		Debug|x64 = Debug|x64
		Debug|x86 = Debug|x86
		Release|Any CPU = Release|Any CPU
		Release|x64 = Release|x64
		Release|x86 = Release|x86
	EndGlobalSection
	GlobalSection(ProjectConfigurationPlatforms) = postSolution
		{857D1B6F-7555-4649-928A-BF743893EF67}.Debug|Any CPU.ActiveCfg = Debug|Any CPU
		{857D1B6F-7555-4649-928A-BF743893EF67}.Debug|Any CPU.Build.0 = Debug|Any CPU
		{857D1B6F-7555-4649-928A-BF743893EF67}.Debug|x64.ActiveCfg = Debug|Any CPU
		{857D1B6F-7555-4649-928A-BF743893EF67}.Debug|x64.Build.0 = Debug|Any CPU
		{857D1B6F-7555-4649-928A-BF743893EF67}.Debug|x86.ActiveCfg = Debug|Any CPU
		{857D1B6F-7555-4649-928A-BF743893EF67}.Debug|x86.Build.0 = Debug|Any CPU
		{857D1B6F-7555-4649-928A-BF743893EF67}.Release|Any CPU.ActiveCfg = Release|Any CPU
		{857D1B6F-7555-4649-928A-BF743893EF67}.Release|Any CPU.Build.0 = Release|Any CPU
		{857D1B6F-7555-4649-928A-BF743893EF67}.Release|x64.ActiveCfg = Release|Any CPU
		{857D1B6F-7555-4649-928A-BF743893EF67}.Release|x64.Build.0 = Release|Any CPU
		{857D1B6F-7555-4649-928A-BF743893EF67}.Release|x86.ActiveCfg = Release|Any CPU
		{857D1B6F-7555-4649-928A-BF743893EF67}.Release|x86.Build.0 = Release|Any CPU
		{4AFD07ED-86E5-4A48-802F-2505E1584F04}.Debug|Any CPU.ActiveCfg = Debug|Any CPU
		{4AFD07ED-86E5-4A48-802F-2505E1584F04}.Debug|Any CPU.Build.0 = Debug|Any CPU
		{4AFD07ED-86E5-4A48-802F-2505E1584F04}.Debug|x64.ActiveCfg = Debug|Any CPU
		{4AFD07ED-86E5-4A48-802F-2505E1584F04}.Debug|x64.Build.0 = Debug|Any CPU
		{4AFD07ED-86E5-4A48-802F-2505E1584F04}.Debug|x86.ActiveCfg = Debug|Any CPU
		{4AFD07ED-86E5-4A48-802F-2505E1584F04}.Debug|x86.Build.0 = Debug|Any CPU
		{4AFD07ED-86E5-4A48-802F-2505E1584F04}.Release|Any CPU.ActiveCfg = Release|Any CPU
		{4AFD07ED-86E5-4A48-802F-2505E1584F04}.Release|Any CPU.Build.0 = Release|Any CPU
		{4AFD07ED-86E5-4A48-802F-2505E1584F04}.Release|x64.ActiveCfg = Release|Any CPU
		{4AFD07ED-86E5-4A48-802F-2505E1584F04}.Release|x64.Build.0 = Release|Any CPU
		{4AFD07ED-86E5-4A48-802F-2505E1584F04}.Release|x86.ActiveCfg = Release|Any CPU
		{4AFD07ED-86E5-4A48-802F-2505E1584F04}.Release|x86.Build.0 = Release|Any CPU
		{5ADE27B7-05C4-45E1-B8B9-C2BE95BCFD1F}.Debug|Any CPU.ActiveCfg = Debug|Any CPU
		{5ADE27B7-05C4-45E1-B8B9-C2BE95BCFD1F}.Debug|Any CPU.Build.0 = Debug|Any CPU
		{5ADE27B7-05C4-45E1-B8B9-C2BE95BCFD1F}.Debug|x64.ActiveCfg = Debug|Any CPU
		{5ADE27B7-05C4-45E1-B8B9-C2BE95BCFD1F}.Debug|x64.Build.0 = Debug|Any CPU
		{5ADE27B7-05C4-45E1-B8B9-C2BE95BCFD1F}.Debug|x86.ActiveCfg = Debug|Any CPU
		{5ADE27B7-05C4-45E1-B8B9-C2BE95BCFD1F}.Debug|x86.Build.0 = Debug|Any CPU
		{5ADE27B7-05C4-45E1-B8B9-C2BE95BCFD1F}.Release|Any CPU.ActiveCfg = Release|Any CPU
		{5ADE27B7-05C4-45E1-B8B9-C2BE95BCFD1F}.Release|Any CPU.Build.0 = Release|Any CPU
		{5ADE27B7-05C4-45E1-B8B9-C2BE95BCFD1F}.Release|x64.ActiveCfg = Release|Any CPU
		{5ADE27B7-05C4-45E1-B8B9-C2BE95BCFD1F}.Release|x64.Build.0 = Release|Any CPU
		{5ADE27B7-05C4-45E1-B8B9-C2BE95BCFD1F}.Release|x86.ActiveCfg = Release|Any CPU
		{5ADE27B7-05C4-45E1-B8B9-C2BE95BCFD1F}.Release|x86.Build.0 = Release|Any CPU
		{98EE4E14-8852-4B56-89DF-E35A859CC11E}.Debug|Any CPU.ActiveCfg = Debug|Any CPU
		{98EE4E14-8852-4B56-89DF-E35A859CC11E}.Debug|Any CPU.Build.0 = Debug|Any CPU
		{98EE4E14-8852-4B56-89DF-E35A859CC11E}.Debug|x64.ActiveCfg = Debug|Any CPU
		{98EE4E14-8852-4B56-89DF-E35A859CC11E}.Debug|x64.Build.0 = Debug|Any CPU
		{98EE4E14-8852-4B56-89DF-E35A859CC11E}.Debug|x86.ActiveCfg = Debug|Any CPU
		{98EE4E14-8852-4B56-89DF-E35A859CC11E}.Debug|x86.Build.0 = Debug|Any CPU
		{98EE4E14-8852-4B56-89DF-E35A859CC11E}.Release|Any CPU.ActiveCfg = Release|Any CPU
		{98EE4E14-8852-4B56-89DF-E35A859CC11E}.Release|Any CPU.Build.0 = Release|Any CPU
		{98EE4E14-8852-4B56-89DF-E35A859CC11E}.Release|x64.ActiveCfg = Release|Any CPU
		{98EE4E14-8852-4B56-89DF-E35A859CC11E}.Release|x64.Build.0 = Release|Any CPU
		{98EE4E14-8852-4B56-89DF-E35A859CC11E}.Release|x86.ActiveCfg = Release|Any CPU
		{98EE4E14-8852-4B56-89DF-E35A859CC11E}.Release|x86.Build.0 = Release|Any CPU
		{EA0D553F-9452-4DB8-AD24-12673D618D9F}.Debug|Any CPU.ActiveCfg = Debug|Any CPU
		{EA0D553F-9452-4DB8-AD24-12673D618D9F}.Debug|Any CPU.Build.0 = Debug|Any CPU
		{EA0D553F-9452-4DB8-AD24-12673D618D9F}.Debug|x64.ActiveCfg = Debug|Any CPU
		{EA0D553F-9452-4DB8-AD24-12673D618D9F}.Debug|x64.Build.0 = Debug|Any CPU
		{EA0D553F-9452-4DB8-AD24-12673D618D9F}.Debug|x86.ActiveCfg = Debug|Any CPU
		{EA0D553F-9452-4DB8-AD24-12673D618D9F}.Debug|x86.Build.0 = Debug|Any CPU
		{EA0D553F-9452-4DB8-AD24-12673D618D9F}.Release|Any CPU.ActiveCfg = Release|Any CPU
		{EA0D553F-9452-4DB8-AD24-12673D618D9F}.Release|Any CPU.Build.0 = Release|Any CPU
		{EA0D553F-9452-4DB8-AD24-12673D618D9F}.Release|x64.ActiveCfg = Release|Any CPU
		{EA0D553F-9452-4DB8-AD24-12673D618D9F}.Release|x64.Build.0 = Release|Any CPU
		{EA0D553F-9452-4DB8-AD24-12673D618D9F}.Release|x86.ActiveCfg = Release|Any CPU
		{EA0D553F-9452-4DB8-AD24-12673D618D9F}.Release|x86.Build.0 = Release|Any CPU
		{DC32D456-77D7-45A3-9595-CEF15A3EB001}.Debug|Any CPU.ActiveCfg = Debug|Any CPU
		{DC32D456-77D7-45A3-9595-CEF15A3EB001}.Debug|Any CPU.Build.0 = Debug|Any CPU
		{DC32D456-77D7-45A3-9595-CEF15A3EB001}.Debug|x64.ActiveCfg = Debug|Any CPU
		{DC32D456-77D7-45A3-9595-CEF15A3EB001}.Debug|x64.Build.0 = Debug|Any CPU
		{DC32D456-77D7-45A3-9595-CEF15A3EB001}.Debug|x86.ActiveCfg = Debug|Any CPU
		{DC32D456-77D7-45A3-9595-CEF15A3EB001}.Debug|x86.Build.0 = Debug|Any CPU
		{DC32D456-77D7-45A3-9595-CEF15A3EB001}.Release|Any CPU.ActiveCfg = Release|Any CPU
		{DC32D456-77D7-45A3-9595-CEF15A3EB001}.Release|Any CPU.Build.0 = Release|Any CPU
		{DC32D456-77D7-45A3-9595-CEF15A3EB001}.Release|x64.ActiveCfg = Release|Any CPU
		{DC32D456-77D7-45A3-9595-CEF15A3EB001}.Release|x64.Build.0 = Release|Any CPU
		{DC32D456-77D7-45A3-9595-CEF15A3EB001}.Release|x86.ActiveCfg = Release|Any CPU
		{DC32D456-77D7-45A3-9595-CEF15A3EB001}.Release|x86.Build.0 = Release|Any CPU
		{118C24CE-ACAF-4BAC-BB99-F09F74950EA7}.Debug|Any CPU.ActiveCfg = Debug|Any CPU
		{118C24CE-ACAF-4BAC-BB99-F09F74950EA7}.Debug|Any CPU.Build.0 = Debug|Any CPU
		{118C24CE-ACAF-4BAC-BB99-F09F74950EA7}.Debug|x64.ActiveCfg = Debug|Any CPU
		{118C24CE-ACAF-4BAC-BB99-F09F74950EA7}.Debug|x64.Build.0 = Debug|Any CPU
		{118C24CE-ACAF-4BAC-BB99-F09F74950EA7}.Debug|x86.ActiveCfg = Debug|Any CPU
		{118C24CE-ACAF-4BAC-BB99-F09F74950EA7}.Debug|x86.Build.0 = Debug|Any CPU
		{118C24CE-ACAF-4BAC-BB99-F09F74950EA7}.Release|Any CPU.ActiveCfg = Release|Any CPU
		{118C24CE-ACAF-4BAC-BB99-F09F74950EA7}.Release|Any CPU.Build.0 = Release|Any CPU
		{118C24CE-ACAF-4BAC-BB99-F09F74950EA7}.Release|x64.ActiveCfg = Release|Any CPU
		{118C24CE-ACAF-4BAC-BB99-F09F74950EA7}.Release|x64.Build.0 = Release|Any CPU
		{118C24CE-ACAF-4BAC-BB99-F09F74950EA7}.Release|x86.ActiveCfg = Release|Any CPU
		{118C24CE-ACAF-4BAC-BB99-F09F74950EA7}.Release|x86.Build.0 = Release|Any CPU
		{BF2D7599-2313-4D8E-BBCB-85737AAC0272}.Debug|Any CPU.ActiveCfg = Debug|Any CPU
		{BF2D7599-2313-4D8E-BBCB-85737AAC0272}.Debug|Any CPU.Build.0 = Debug|Any CPU
		{BF2D7599-2313-4D8E-BBCB-85737AAC0272}.Debug|x64.ActiveCfg = Debug|Any CPU
		{BF2D7599-2313-4D8E-BBCB-85737AAC0272}.Debug|x64.Build.0 = Debug|Any CPU
		{BF2D7599-2313-4D8E-BBCB-85737AAC0272}.Debug|x86.ActiveCfg = Debug|Any CPU
		{BF2D7599-2313-4D8E-BBCB-85737AAC0272}.Debug|x86.Build.0 = Debug|Any CPU
		{BF2D7599-2313-4D8E-BBCB-85737AAC0272}.Release|Any CPU.ActiveCfg = Release|Any CPU
		{BF2D7599-2313-4D8E-BBCB-85737AAC0272}.Release|Any CPU.Build.0 = Release|Any CPU
		{BF2D7599-2313-4D8E-BBCB-85737AAC0272}.Release|x64.ActiveCfg = Release|Any CPU
		{BF2D7599-2313-4D8E-BBCB-85737AAC0272}.Release|x64.Build.0 = Release|Any CPU
		{BF2D7599-2313-4D8E-BBCB-85737AAC0272}.Release|x86.ActiveCfg = Release|Any CPU
		{BF2D7599-2313-4D8E-BBCB-85737AAC0272}.Release|x86.Build.0 = Release|Any CPU
		{F70F153D-097E-41AD-9A18-FC4B9F1A1C20}.Debug|Any CPU.ActiveCfg = Debug|Any CPU
		{F70F153D-097E-41AD-9A18-FC4B9F1A1C20}.Debug|Any CPU.Build.0 = Debug|Any CPU
		{F70F153D-097E-41AD-9A18-FC4B9F1A1C20}.Debug|x64.ActiveCfg = Debug|Any CPU
		{F70F153D-097E-41AD-9A18-FC4B9F1A1C20}.Debug|x64.Build.0 = Debug|Any CPU
		{F70F153D-097E-41AD-9A18-FC4B9F1A1C20}.Debug|x86.ActiveCfg = Debug|Any CPU
		{F70F153D-097E-41AD-9A18-FC4B9F1A1C20}.Debug|x86.Build.0 = Debug|Any CPU
		{F70F153D-097E-41AD-9A18-FC4B9F1A1C20}.Release|Any CPU.ActiveCfg = Release|Any CPU
		{F70F153D-097E-41AD-9A18-FC4B9F1A1C20}.Release|Any CPU.Build.0 = Release|Any CPU
		{F70F153D-097E-41AD-9A18-FC4B9F1A1C20}.Release|x64.ActiveCfg = Release|Any CPU
		{F70F153D-097E-41AD-9A18-FC4B9F1A1C20}.Release|x64.Build.0 = Release|Any CPU
		{F70F153D-097E-41AD-9A18-FC4B9F1A1C20}.Release|x86.ActiveCfg = Release|Any CPU
		{F70F153D-097E-41AD-9A18-FC4B9F1A1C20}.Release|x86.Build.0 = Release|Any CPU
		{D97AA8BE-C254-4A87-8CEB-843DAB0C6096}.Debug|Any CPU.ActiveCfg = Debug|Any CPU
		{D97AA8BE-C254-4A87-8CEB-843DAB0C6096}.Debug|Any CPU.Build.0 = Debug|Any CPU
		{D97AA8BE-C254-4A87-8CEB-843DAB0C6096}.Debug|x64.ActiveCfg = Debug|Any CPU
		{D97AA8BE-C254-4A87-8CEB-843DAB0C6096}.Debug|x64.Build.0 = Debug|Any CPU
		{D97AA8BE-C254-4A87-8CEB-843DAB0C6096}.Debug|x86.ActiveCfg = Debug|Any CPU
		{D97AA8BE-C254-4A87-8CEB-843DAB0C6096}.Debug|x86.Build.0 = Debug|Any CPU
		{D97AA8BE-C254-4A87-8CEB-843DAB0C6096}.Release|Any CPU.ActiveCfg = Release|Any CPU
		{D97AA8BE-C254-4A87-8CEB-843DAB0C6096}.Release|Any CPU.Build.0 = Release|Any CPU
		{D97AA8BE-C254-4A87-8CEB-843DAB0C6096}.Release|x64.ActiveCfg = Release|Any CPU
		{D97AA8BE-C254-4A87-8CEB-843DAB0C6096}.Release|x64.Build.0 = Release|Any CPU
		{D97AA8BE-C254-4A87-8CEB-843DAB0C6096}.Release|x86.ActiveCfg = Release|Any CPU
		{D97AA8BE-C254-4A87-8CEB-843DAB0C6096}.Release|x86.Build.0 = Release|Any CPU
	EndGlobalSection
	GlobalSection(SolutionProperties) = preSolution
		HideSolutionNode = FALSE
	EndGlobalSection
	GlobalSection(NestedProjects) = preSolution
		{857D1B6F-7555-4649-928A-BF743893EF67} = {827E0CD3-B72D-47B6-A68D-7590B98EB39B}
		{4AFD07ED-86E5-4A48-802F-2505E1584F04} = {827E0CD3-B72D-47B6-A68D-7590B98EB39B}
		{5ADE27B7-05C4-45E1-B8B9-C2BE95BCFD1F} = {827E0CD3-B72D-47B6-A68D-7590B98EB39B}
		{98EE4E14-8852-4B56-89DF-E35A859CC11E} = {827E0CD3-B72D-47B6-A68D-7590B98EB39B}
		{EA0D553F-9452-4DB8-AD24-12673D618D9F} = {827E0CD3-B72D-47B6-A68D-7590B98EB39B}
		{DC32D456-77D7-45A3-9595-CEF15A3EB001} = {827E0CD3-B72D-47B6-A68D-7590B98EB39B}
		{118C24CE-ACAF-4BAC-BB99-F09F74950EA7} = {827E0CD3-B72D-47B6-A68D-7590B98EB39B}
		{BF2D7599-2313-4D8E-BBCB-85737AAC0272} = {827E0CD3-B72D-47B6-A68D-7590B98EB39B}
		{F70F153D-097E-41AD-9A18-FC4B9F1A1C20} = {0AB3BF05-4346-4AA6-1389-037BE0695223}
		{D97AA8BE-C254-4A87-8CEB-843DAB0C6096} = {827E0CD3-B72D-47B6-A68D-7590B98EB39B}
	EndGlobalSection
EndGlobal
